
Microsoft Visual Studio Solution File, Format Version 12.00
# Visual Studio Version 16
VisualStudioVersion = 16.0.31729.503
MinimumVisualStudioVersion = 10.0.40219.1
Project("{FAE04EC0-301F-11D3-BF4B-00C04F79EFBC}") = "homework - 8", "homework - 8.csproj", "{CF8A82BF-CD8D-40FC-87CF-2AAC05DEFBEF}"
EndProject
Global
	GlobalSection(SolutionConfigurationPlatforms) = preSolution
		Debug|Any CPU = Debug|Any CPU
		Release|Any CPU = Release|Any CPU
	EndGlobalSection
	GlobalSection(ProjectConfigurationPlatforms) = postSolution
		{CF8A82BF-CD8D-40FC-87CF-2AAC05DEFBEF}.Debug|Any CPU.ActiveCfg = Debug|Any CPU
		{CF8A82BF-CD8D-40FC-87CF-2AAC05DEFBEF}.Debug|Any CPU.Build.0 = Debug|Any CPU
		{CF8A82BF-CD8D-40FC-87CF-2AAC05DEFBEF}.Release|Any CPU.ActiveCfg = Release|Any CPU
		{CF8A82BF-CD8D-40FC-87CF-2AAC05DEFBEF}.Release|Any CPU.Build.0 = Release|Any CPU
	EndGlobalSection
	GlobalSection(SolutionProperties) = preSolution
		HideSolutionNode = FALSE
	EndGlobalSection
	GlobalSection(ExtensibilityGlobals) = postSolution
		SolutionGuid = {E7736737-A61E-45C6-B6DB-0DEA251D095D}
	EndGlobalSection
EndGlobal
